
Microsoft Visual Studio Solution File, Format Version 12.00
# Visual Studio Version 16
VisualStudioVersion = 25.0.1706.4
MinimumVisualStudioVersion = 10.0.40219.1
Project("{FAE04EC0-301F-11D3-BF4B-00C04F79EFBC}") = "mslogistiscs-fyp", "mslogistiscs-fyp.csproj", "{5566DDD7-BDE3-4D04-9F1A-F13E401ADC79}"
EndProject
Global
	GlobalSection(SolutionConfigurationPlatforms) = preSolution
		Debug|Any CPU = Debug|Any CPU
		Release|Any CPU = Release|Any CPU
	EndGlobalSection
	GlobalSection(ProjectConfigurationPlatforms) = postSolution
		{5566DDD7-BDE3-4D04-9F1A-F13E401ADC79}.Debug|Any CPU.ActiveCfg = Debug|Any CPU
		{5566DDD7-BDE3-4D04-9F1A-F13E401ADC79}.Debug|Any CPU.Build.0 = Debug|Any CPU
		{5566DDD7-BDE3-4D04-9F1A-F13E401ADC79}.Release|Any CPU.ActiveCfg = Release|Any CPU
		{5566DDD7-BDE3-4D04-9F1A-F13E401ADC79}.Release|Any CPU.Build.0 = Release|Any CPU
	EndGlobalSection
	GlobalSection(SolutionProperties) = preSolution
		HideSolutionNode = FALSE
	EndGlobalSection
	GlobalSection(ExtensibilityGlobals) = postSolution
		SolutionGuid = {22C49B1B-DB9A-411B-9B06-EDFBD9D70479}
	EndGlobalSection
EndGlobal
